
Microsoft Visual Studio Solution File, Format Version 12.00
# Visual Studio Version 17
VisualStudioVersion = 17.5.33414.496
MinimumVisualStudioVersion = 10.0.40219.1
Project("{FAE04EC0-301F-11D3-BF4B-00C04F79EFBC}") = "MusicApp.Core", "MusicApp.Core\MusicApp.Core.csproj", "{8FD6A942-A003-4B66-B40C-051C8F48C89D}"
EndProject
Project("{FAE04EC0-301F-11D3-BF4B-00C04F79EFBC}") = "MusicApp.Data", "MusicApp.Data\MusicApp.Data.csproj", "{F7004C11-43A6-4158-B862-1CA5BB39C636}"
EndProject
Project("{FAE04EC0-301F-11D3-BF4B-00C04F79EFBC}") = "MusicApp.Services", "MusicApp.Services\MusicApp.Services.csproj", "{840A35A1-CD96-404B-A7D4-01FA7FEE85FB}"
EndProject
Project("{FAE04EC0-301F-11D3-BF4B-00C04F79EFBC}") = "MusicApp.WebApi", "MusicApp.WebApi\MusicApp.WebApi.csproj", "{8095BA1E-3C9D-4708-9B2F-756840275227}"
EndProject
Global
	GlobalSection(SolutionConfigurationPlatforms) = preSolution
		Debug|Any CPU = Debug|Any CPU
		Release|Any CPU = Release|Any CPU
	EndGlobalSection
	GlobalSection(ProjectConfigurationPlatforms) = postSolution
		{8FD6A942-A003-4B66-B40C-051C8F48C89D}.Debug|Any CPU.ActiveCfg = Debug|Any CPU
		{8FD6A942-A003-4B66-B40C-051C8F48C89D}.Debug|Any CPU.Build.0 = Debug|Any CPU
		{8FD6A942-A003-4B66-B40C-051C8F48C89D}.Release|Any CPU.ActiveCfg = Release|Any CPU
		{8FD6A942-A003-4B66-B40C-051C8F48C89D}.Release|Any CPU.Build.0 = Release|Any CPU
		{F7004C11-43A6-4158-B862-1CA5BB39C636}.Debug|Any CPU.ActiveCfg = Debug|Any CPU
		{F7004C11-43A6-4158-B862-1CA5BB39C636}.Debug|Any CPU.Build.0 = Debug|Any CPU
		{F7004C11-43A6-4158-B862-1CA5BB39C636}.Release|Any CPU.ActiveCfg = Release|Any CPU
		{F7004C11-43A6-4158-B862-1CA5BB39C636}.Release|Any CPU.Build.0 = Release|Any CPU
		{840A35A1-CD96-404B-A7D4-01FA7FEE85FB}.Debug|Any CPU.ActiveCfg = Debug|Any CPU
		{840A35A1-CD96-404B-A7D4-01FA7FEE85FB}.Debug|Any CPU.Build.0 = Debug|Any CPU
		{840A35A1-CD96-404B-A7D4-01FA7FEE85FB}.Release|Any CPU.ActiveCfg = Release|Any CPU
		{840A35A1-CD96-404B-A7D4-01FA7FEE85FB}.Release|Any CPU.Build.0 = Release|Any CPU
		{8095BA1E-3C9D-4708-9B2F-756840275227}.Debug|Any CPU.ActiveCfg = Debug|Any CPU
		{8095BA1E-3C9D-4708-9B2F-756840275227}.Debug|Any CPU.Build.0 = Debug|Any CPU
		{8095BA1E-3C9D-4708-9B2F-756840275227}.Release|Any CPU.ActiveCfg = Release|Any CPU
		{8095BA1E-3C9D-4708-9B2F-756840275227}.Release|Any CPU.Build.0 = Release|Any CPU
	EndGlobalSection
	GlobalSection(SolutionProperties) = preSolution
		HideSolutionNode = FALSE
	EndGlobalSection
	GlobalSection(ExtensibilityGlobals) = postSolution
		SolutionGuid = {1D8496EB-08F9-45B4-B051-8079626B5FE9}
	EndGlobalSection
EndGlobal
